
Microsoft Visual Studio Solution File, Format Version 12.00
# Visual Studio Version 17
VisualStudioVersion = 17.6.33829.357
MinimumVisualStudioVersion = 10.0.40219.1
Project("{9A19103F-16F7-4668-BE54-9A1E7A4F7556}") = "Domain", "Domain\Domain.csproj", "{C1019915-D41C-4967-A3EE-E99FF519EE02}"
EndProject
Project("{9A19103F-16F7-4668-BE54-9A1E7A4F7556}") = "Application", "Application\Application.csproj", "{0A148CB4-EE76-4DFD-A1CB-568EE1EDE7B2}"
EndProject
Project("{9A19103F-16F7-4668-BE54-9A1E7A4F7556}") = "Infrastructure", "Infrastructure\Infrastructure.csproj", "{50FC3314-9916-4460-8FF1-4F6D10979785}"
EndProject
Project("{9A19103F-16F7-4668-BE54-9A1E7A4F7556}") = "ProductAPI", "ProductAPI\ProductAPI.csproj", "{05FE3C2C-9242-4073-951A-96AB66870281}"
EndProject
Project("{FAE04EC0-301F-11D3-BF4B-00C04F79EFBC}") = "Product.Web", "Product.Web\Product.Web.csproj", "{F02CEFAE-A602-407F-9DCB-3BB387196694}"
EndProject
Global
	GlobalSection(SolutionConfigurationPlatforms) = preSolution
		Debug|Any CPU = Debug|Any CPU
		Release|Any CPU = Release|Any CPU
	EndGlobalSection
	GlobalSection(ProjectConfigurationPlatforms) = postSolution
		{C1019915-D41C-4967-A3EE-E99FF519EE02}.Debug|Any CPU.ActiveCfg = Debug|Any CPU
		{C1019915-D41C-4967-A3EE-E99FF519EE02}.Debug|Any CPU.Build.0 = Debug|Any CPU
		{C1019915-D41C-4967-A3EE-E99FF519EE02}.Release|Any CPU.ActiveCfg = Release|Any CPU
		{C1019915-D41C-4967-A3EE-E99FF519EE02}.Release|Any CPU.Build.0 = Release|Any CPU
		{0A148CB4-EE76-4DFD-A1CB-568EE1EDE7B2}.Debug|Any CPU.ActiveCfg = Debug|Any CPU
		{0A148CB4-EE76-4DFD-A1CB-568EE1EDE7B2}.Debug|Any CPU.Build.0 = Debug|Any CPU
		{0A148CB4-EE76-4DFD-A1CB-568EE1EDE7B2}.Release|Any CPU.ActiveCfg = Release|Any CPU
		{0A148CB4-EE76-4DFD-A1CB-568EE1EDE7B2}.Release|Any CPU.Build.0 = Release|Any CPU
		{50FC3314-9916-4460-8FF1-4F6D10979785}.Debug|Any CPU.ActiveCfg = Debug|Any CPU
		{50FC3314-9916-4460-8FF1-4F6D10979785}.Debug|Any CPU.Build.0 = Debug|Any CPU
		{50FC3314-9916-4460-8FF1-4F6D10979785}.Release|Any CPU.ActiveCfg = Release|Any CPU
		{50FC3314-9916-4460-8FF1-4F6D10979785}.Release|Any CPU.Build.0 = Release|Any CPU
		{05FE3C2C-9242-4073-951A-96AB66870281}.Debug|Any CPU.ActiveCfg = Debug|Any CPU
		{05FE3C2C-9242-4073-951A-96AB66870281}.Debug|Any CPU.Build.0 = Debug|Any CPU
		{05FE3C2C-9242-4073-951A-96AB66870281}.Release|Any CPU.ActiveCfg = Release|Any CPU
		{05FE3C2C-9242-4073-951A-96AB66870281}.Release|Any CPU.Build.0 = Release|Any CPU
		{F02CEFAE-A602-407F-9DCB-3BB387196694}.Debug|Any CPU.ActiveCfg = Debug|Any CPU
		{F02CEFAE-A602-407F-9DCB-3BB387196694}.Debug|Any CPU.Build.0 = Debug|Any CPU
		{F02CEFAE-A602-407F-9DCB-3BB387196694}.Release|Any CPU.ActiveCfg = Release|Any CPU
		{F02CEFAE-A602-407F-9DCB-3BB387196694}.Release|Any CPU.Build.0 = Release|Any CPU
	EndGlobalSection
	GlobalSection(SolutionProperties) = preSolution
		HideSolutionNode = FALSE
	EndGlobalSection
	GlobalSection(ExtensibilityGlobals) = postSolution
		SolutionGuid = {DD451D5F-1CCE-4CED-96C2-DECEA6CC795B}
	EndGlobalSection
EndGlobal
